
Microsoft Visual Studio Solution File, Format Version 12.00
# Visual Studio 2013
VisualStudioVersion = 12.0.30723.0
MinimumVisualStudioVersion = 10.0.40219.1
Project("{FAE04EC0-301F-11D3-BF4B-00C04F79EFBC}") = "NsqSharp", "NsqSharp\NsqSharp.csproj", "{7327244D-E163-4C35-9C1A-8DBDF06B9408}"
EndProject
Project("{FAE04EC0-301F-11D3-BF4B-00C04F79EFBC}") = "NsqSharp.Tests", "NsqSharp.Tests\NsqSharp.Tests.csproj", "{6962DA1C-5532-4C12-B2A3-36B53877A1FB}"
EndProject
Project("{FAE04EC0-301F-11D3-BF4B-00C04F79EFBC}") = "NsqSharp.Bus", "NsqSharp.Bus\NsqSharp.Bus.csproj", "{9635F78D-E740-48C7-B883-0D806C000158}"
EndProject
Project("{FAE04EC0-301F-11D3-BF4B-00C04F79EFBC}") = "NsqSharp.Bus.Tests", "NsqSharp.Bus.Tests\NsqSharp.Bus.Tests.csproj", "{B3EC80D4-4869-4C8D-AEB4-A212C197F9F1}"
EndProject
Project("{2150E333-8FDC-42A3-9474-1A3956D46DE8}") = "Tests", "Tests", "{AEA8D8ED-997C-429D-8555-50020C9CC570}"
EndProject
Project("{2150E333-8FDC-42A3-9474-1A3956D46DE8}") = "Examples", "Examples", "{0FB50390-80AC-4487-BC62-C9311FD60D4D}"
EndProject
Project("{FAE04EC0-301F-11D3-BF4B-00C04F79EFBC}") = "NsqSharp.Consumer", "Examples\NsqSharp.Consumer\NsqSharp.Consumer.csproj", "{5826FF8A-1B3F-47F4-93A3-36DD2853053C}"
EndProject
Project("{FAE04EC0-301F-11D3-BF4B-00C04F79EFBC}") = "NsqSharp.Producer", "Examples\NsqSharp.Producer\NsqSharp.Producer.csproj", "{78EE928A-C605-4B2B-AEBF-9A2262B8EA5F}"
EndProject
Project("{FAE04EC0-301F-11D3-BF4B-00C04F79EFBC}") = "NsqSharp.Producer.Http", "Examples\NsqSharp.Producer.Http\NsqSharp.Producer.Http.csproj", "{02EC6A3E-1158-48F8-8E2E-24D9F91F6F2D}"
EndProject
Project("{FAE04EC0-301F-11D3-BF4B-00C04F79EFBC}") = "NsqSharp.Bus.Weather", "Examples\NsqSharp.Bus.Weather\NsqSharp.Bus.Weather.csproj", "{147BF696-7496-41B5-AB24-50C745F08966}"
EndProject
Project("{FAE04EC0-301F-11D3-BF4B-00C04F79EFBC}") = "NsqSharp.Bus.Weather.Services", "Examples\NsqSharp.Bus.Weather.Services\NsqSharp.Bus.Weather.Services.csproj", "{22430DCA-EFA9-4D94-918E-222187CDBAC5}"
EndProject
Project("{2150E333-8FDC-42A3-9474-1A3956D46DE8}") = "Bus.Weather", "Bus.Weather", "{79379B49-8D57-4120-AD32-A23E30F8AC08}"
EndProject
Project("{2150E333-8FDC-42A3-9474-1A3956D46DE8}") = "Bus.Customer", "Bus.Customer", "{792E7526-CEBC-40F4-B83C-3A3CE4D96375}"
EndProject
Project("{FAE04EC0-301F-11D3-BF4B-00C04F79EFBC}") = "Customer.Handlers", "Examples\Customer\Customer.Handlers\Customer.Handlers.csproj", "{254397C5-8034-4ADE-A30F-EC80FF86FD39}"
EndProject
Global
	GlobalSection(SolutionConfigurationPlatforms) = preSolution
		Debug|Any CPU = Debug|Any CPU
		Release|Any CPU = Release|Any CPU
	EndGlobalSection
	GlobalSection(ProjectConfigurationPlatforms) = postSolution
		{7327244D-E163-4C35-9C1A-8DBDF06B9408}.Debug|Any CPU.ActiveCfg = Debug|Any CPU
		{7327244D-E163-4C35-9C1A-8DBDF06B9408}.Debug|Any CPU.Build.0 = Debug|Any CPU
		{7327244D-E163-4C35-9C1A-8DBDF06B9408}.Release|Any CPU.ActiveCfg = Release|Any CPU
		{7327244D-E163-4C35-9C1A-8DBDF06B9408}.Release|Any CPU.Build.0 = Release|Any CPU
		{6962DA1C-5532-4C12-B2A3-36B53877A1FB}.Debug|Any CPU.ActiveCfg = Debug|Any CPU
		{6962DA1C-5532-4C12-B2A3-36B53877A1FB}.Debug|Any CPU.Build.0 = Debug|Any CPU
		{6962DA1C-5532-4C12-B2A3-36B53877A1FB}.Release|Any CPU.ActiveCfg = Release|Any CPU
		{6962DA1C-5532-4C12-B2A3-36B53877A1FB}.Release|Any CPU.Build.0 = Release|Any CPU
		{9635F78D-E740-48C7-B883-0D806C000158}.Debug|Any CPU.ActiveCfg = Debug|Any CPU
		{9635F78D-E740-48C7-B883-0D806C000158}.Debug|Any CPU.Build.0 = Debug|Any CPU
		{9635F78D-E740-48C7-B883-0D806C000158}.Release|Any CPU.ActiveCfg = Release|Any CPU
		{9635F78D-E740-48C7-B883-0D806C000158}.Release|Any CPU.Build.0 = Release|Any CPU
		{B3EC80D4-4869-4C8D-AEB4-A212C197F9F1}.Debug|Any CPU.ActiveCfg = Debug|Any CPU
		{B3EC80D4-4869-4C8D-AEB4-A212C197F9F1}.Debug|Any CPU.Build.0 = Debug|Any CPU
		{B3EC80D4-4869-4C8D-AEB4-A212C197F9F1}.Release|Any CPU.ActiveCfg = Release|Any CPU
		{B3EC80D4-4869-4C8D-AEB4-A212C197F9F1}.Release|Any CPU.Build.0 = Release|Any CPU
		{5826FF8A-1B3F-47F4-93A3-36DD2853053C}.Debug|Any CPU.ActiveCfg = Debug|Any CPU
		{5826FF8A-1B3F-47F4-93A3-36DD2853053C}.Debug|Any CPU.Build.0 = Debug|Any CPU
		{5826FF8A-1B3F-47F4-93A3-36DD2853053C}.Release|Any CPU.ActiveCfg = Release|Any CPU
		{5826FF8A-1B3F-47F4-93A3-36DD2853053C}.Release|Any CPU.Build.0 = Release|Any CPU
		{78EE928A-C605-4B2B-AEBF-9A2262B8EA5F}.Debug|Any CPU.ActiveCfg = Debug|Any CPU
		{78EE928A-C605-4B2B-AEBF-9A2262B8EA5F}.Debug|Any CPU.Build.0 = Debug|Any CPU
		{78EE928A-C605-4B2B-AEBF-9A2262B8EA5F}.Release|Any CPU.ActiveCfg = Release|Any CPU
		{78EE928A-C605-4B2B-AEBF-9A2262B8EA5F}.Release|Any CPU.Build.0 = Release|Any CPU
		{02EC6A3E-1158-48F8-8E2E-24D9F91F6F2D}.Debug|Any CPU.ActiveCfg = Debug|Any CPU
		{02EC6A3E-1158-48F8-8E2E-24D9F91F6F2D}.Debug|Any CPU.Build.0 = Debug|Any CPU
		{02EC6A3E-1158-48F8-8E2E-24D9F91F6F2D}.Release|Any CPU.ActiveCfg = Release|Any CPU
		{02EC6A3E-1158-48F8-8E2E-24D9F91F6F2D}.Release|Any CPU.Build.0 = Release|Any CPU
		{147BF696-7496-41B5-AB24-50C745F08966}.Debug|Any CPU.ActiveCfg = Debug|Any CPU
		{147BF696-7496-41B5-AB24-50C745F08966}.Debug|Any CPU.Build.0 = Debug|Any CPU
		{147BF696-7496-41B5-AB24-50C745F08966}.Release|Any CPU.ActiveCfg = Release|Any CPU
		{147BF696-7496-41B5-AB24-50C745F08966}.Release|Any CPU.Build.0 = Release|Any CPU
		{22430DCA-EFA9-4D94-918E-222187CDBAC5}.Debug|Any CPU.ActiveCfg = Debug|Any CPU
		{22430DCA-EFA9-4D94-918E-222187CDBAC5}.Debug|Any CPU.Build.0 = Debug|Any CPU
		{22430DCA-EFA9-4D94-918E-222187CDBAC5}.Release|Any CPU.ActiveCfg = Release|Any CPU
		{22430DCA-EFA9-4D94-918E-222187CDBAC5}.Release|Any CPU.Build.0 = Release|Any CPU
		{254397C5-8034-4ADE-A30F-EC80FF86FD39}.Debug|Any CPU.ActiveCfg = Debug|Any CPU
		{254397C5-8034-4ADE-A30F-EC80FF86FD39}.Debug|Any CPU.Build.0 = Debug|Any CPU
		{254397C5-8034-4ADE-A30F-EC80FF86FD39}.Release|Any CPU.ActiveCfg = Release|Any CPU
		{254397C5-8034-4ADE-A30F-EC80FF86FD39}.Release|Any CPU.Build.0 = Release|Any CPU
	EndGlobalSection
	GlobalSection(SolutionProperties) = preSolution
		HideSolutionNode = FALSE
	EndGlobalSection
	GlobalSection(NestedProjects) = preSolution
		{6962DA1C-5532-4C12-B2A3-36B53877A1FB} = {AEA8D8ED-997C-429D-8555-50020C9CC570}
		{B3EC80D4-4869-4C8D-AEB4-A212C197F9F1} = {AEA8D8ED-997C-429D-8555-50020C9CC570}
		{5826FF8A-1B3F-47F4-93A3-36DD2853053C} = {0FB50390-80AC-4487-BC62-C9311FD60D4D}
		{78EE928A-C605-4B2B-AEBF-9A2262B8EA5F} = {0FB50390-80AC-4487-BC62-C9311FD60D4D}
		{02EC6A3E-1158-48F8-8E2E-24D9F91F6F2D} = {0FB50390-80AC-4487-BC62-C9311FD60D4D}
		{147BF696-7496-41B5-AB24-50C745F08966} = {79379B49-8D57-4120-AD32-A23E30F8AC08}
		{22430DCA-EFA9-4D94-918E-222187CDBAC5} = {79379B49-8D57-4120-AD32-A23E30F8AC08}
		{79379B49-8D57-4120-AD32-A23E30F8AC08} = {0FB50390-80AC-4487-BC62-C9311FD60D4D}
		{792E7526-CEBC-40F4-B83C-3A3CE4D96375} = {0FB50390-80AC-4487-BC62-C9311FD60D4D}
		{254397C5-8034-4ADE-A30F-EC80FF86FD39} = {792E7526-CEBC-40F4-B83C-3A3CE4D96375}
	EndGlobalSection
EndGlobal
