
Microsoft Visual Studio Solution File, Format Version 12.00
# Visual Studio 2013
VisualStudioVersion = 12.0.31101.0
MinimumVisualStudioVersion = 10.0.40219.1
Project("{FAE04EC0-301F-11D3-BF4B-00C04F79EFBC}") = "NsqSharp.Net40", "NsqSharp\NsqSharp.Net40.csproj", "{7327244D-E163-4C35-9C1A-8DBDF06B9408}"
EndProject
Project("{2150E333-8FDC-42A3-9474-1A3956D46DE8}") = "Tests", "Tests", "{1FEB459E-121B-4DC2-B239-AC625DCF9CD5}"
EndProject
Project("{2150E333-8FDC-42A3-9474-1A3956D46DE8}") = "Examples", "Examples", "{1BEA846A-ECF8-4AF5-8731-98230F67B855}"
EndProject
Project("{2150E333-8FDC-42A3-9474-1A3956D46DE8}") = "NsqSharp", "NsqSharp", "{CCDC75F1-B4F8-43D7-8F4C-AF57720A3C4A}"
EndProject
Project("{FAE04EC0-301F-11D3-BF4B-00C04F79EFBC}") = "Consumer.Net40", "Examples\NsqSharp\Consumer\Consumer.Net40.csproj", "{8935C5F0-2ABA-446C-B039-D80549D233E6}"
EndProject
Project("{FAE04EC0-301F-11D3-BF4B-00C04F79EFBC}") = "Producer.Net40", "Examples\NsqSharp\Producer\Producer.Net40.csproj", "{154B6DAA-866C-4BF4-9BCA-04DD31EEE31F}"
EndProject
Project("{FAE04EC0-301F-11D3-BF4B-00C04F79EFBC}") = "Producer.Http.Net40", "Examples\NsqSharp\Producer.Http\Producer.Http.Net40.csproj", "{6443DDEE-93BD-4436-8E8C-A6BDD405E7D5}"
EndProject
Project("{FAE04EC0-301F-11D3-BF4B-00C04F79EFBC}") = "NsqSharp.Tests.Net40", "Tests\NsqSharp.Tests\NsqSharp.Tests.Net40.csproj", "{6962DA1C-5532-4C12-B2A3-36B53877A1FB}"
EndProject
Project("{FAE04EC0-301F-11D3-BF4B-00C04F79EFBC}") = "NsqSharp.Bus.Tests.Net40", "Tests\NsqSharp.Bus.Tests\NsqSharp.Bus.Tests.Net40.csproj", "{B3EC80D4-4869-4C8D-AEB4-A212C197F9F1}"
EndProject
Global
	GlobalSection(SolutionConfigurationPlatforms) = preSolution
		Debug|Any CPU = Debug|Any CPU
		Integration Tests|Any CPU = Integration Tests|Any CPU
		Release|Any CPU = Release|Any CPU
	EndGlobalSection
	GlobalSection(ProjectConfigurationPlatforms) = postSolution
		{7327244D-E163-4C35-9C1A-8DBDF06B9408}.Debug|Any CPU.ActiveCfg = Debug|Any CPU
		{7327244D-E163-4C35-9C1A-8DBDF06B9408}.Debug|Any CPU.Build.0 = Debug|Any CPU
		{7327244D-E163-4C35-9C1A-8DBDF06B9408}.Integration Tests|Any CPU.ActiveCfg = Integration Tests|Any CPU
		{7327244D-E163-4C35-9C1A-8DBDF06B9408}.Integration Tests|Any CPU.Build.0 = Integration Tests|Any CPU
		{7327244D-E163-4C35-9C1A-8DBDF06B9408}.Release|Any CPU.ActiveCfg = Release|Any CPU
		{7327244D-E163-4C35-9C1A-8DBDF06B9408}.Release|Any CPU.Build.0 = Release|Any CPU
		{8935C5F0-2ABA-446C-B039-D80549D233E6}.Debug|Any CPU.ActiveCfg = Debug|Any CPU
		{8935C5F0-2ABA-446C-B039-D80549D233E6}.Debug|Any CPU.Build.0 = Debug|Any CPU
		{8935C5F0-2ABA-446C-B039-D80549D233E6}.Integration Tests|Any CPU.ActiveCfg = Integration Tests|Any CPU
		{8935C5F0-2ABA-446C-B039-D80549D233E6}.Integration Tests|Any CPU.Build.0 = Integration Tests|Any CPU
		{8935C5F0-2ABA-446C-B039-D80549D233E6}.Release|Any CPU.ActiveCfg = Release|Any CPU
		{8935C5F0-2ABA-446C-B039-D80549D233E6}.Release|Any CPU.Build.0 = Release|Any CPU
		{154B6DAA-866C-4BF4-9BCA-04DD31EEE31F}.Debug|Any CPU.ActiveCfg = Debug|Any CPU
		{154B6DAA-866C-4BF4-9BCA-04DD31EEE31F}.Debug|Any CPU.Build.0 = Debug|Any CPU
		{154B6DAA-866C-4BF4-9BCA-04DD31EEE31F}.Integration Tests|Any CPU.ActiveCfg = Integration Tests|Any CPU
		{154B6DAA-866C-4BF4-9BCA-04DD31EEE31F}.Integration Tests|Any CPU.Build.0 = Integration Tests|Any CPU
		{154B6DAA-866C-4BF4-9BCA-04DD31EEE31F}.Release|Any CPU.ActiveCfg = Release|Any CPU
		{154B6DAA-866C-4BF4-9BCA-04DD31EEE31F}.Release|Any CPU.Build.0 = Release|Any CPU
		{6443DDEE-93BD-4436-8E8C-A6BDD405E7D5}.Debug|Any CPU.ActiveCfg = Debug|Any CPU
		{6443DDEE-93BD-4436-8E8C-A6BDD405E7D5}.Debug|Any CPU.Build.0 = Debug|Any CPU
		{6443DDEE-93BD-4436-8E8C-A6BDD405E7D5}.Integration Tests|Any CPU.ActiveCfg = Integration Tests|Any CPU
		{6443DDEE-93BD-4436-8E8C-A6BDD405E7D5}.Integration Tests|Any CPU.Build.0 = Integration Tests|Any CPU
		{6443DDEE-93BD-4436-8E8C-A6BDD405E7D5}.Release|Any CPU.ActiveCfg = Release|Any CPU
		{6443DDEE-93BD-4436-8E8C-A6BDD405E7D5}.Release|Any CPU.Build.0 = Release|Any CPU
		{6962DA1C-5532-4C12-B2A3-36B53877A1FB}.Debug|Any CPU.ActiveCfg = Debug|Any CPU
		{6962DA1C-5532-4C12-B2A3-36B53877A1FB}.Debug|Any CPU.Build.0 = Debug|Any CPU
		{6962DA1C-5532-4C12-B2A3-36B53877A1FB}.Integration Tests|Any CPU.ActiveCfg = Integration Tests|Any CPU
		{6962DA1C-5532-4C12-B2A3-36B53877A1FB}.Integration Tests|Any CPU.Build.0 = Integration Tests|Any CPU
		{6962DA1C-5532-4C12-B2A3-36B53877A1FB}.Release|Any CPU.ActiveCfg = Release|Any CPU
		{6962DA1C-5532-4C12-B2A3-36B53877A1FB}.Release|Any CPU.Build.0 = Release|Any CPU
		{B3EC80D4-4869-4C8D-AEB4-A212C197F9F1}.Debug|Any CPU.ActiveCfg = Debug|Any CPU
		{B3EC80D4-4869-4C8D-AEB4-A212C197F9F1}.Debug|Any CPU.Build.0 = Debug|Any CPU
		{B3EC80D4-4869-4C8D-AEB4-A212C197F9F1}.Integration Tests|Any CPU.ActiveCfg = Integration Tests|Any CPU
		{B3EC80D4-4869-4C8D-AEB4-A212C197F9F1}.Integration Tests|Any CPU.Build.0 = Integration Tests|Any CPU
		{B3EC80D4-4869-4C8D-AEB4-A212C197F9F1}.Release|Any CPU.ActiveCfg = Release|Any CPU
		{B3EC80D4-4869-4C8D-AEB4-A212C197F9F1}.Release|Any CPU.Build.0 = Release|Any CPU
	EndGlobalSection
	GlobalSection(SolutionProperties) = preSolution
		HideSolutionNode = FALSE
	EndGlobalSection
	GlobalSection(NestedProjects) = preSolution
		{CCDC75F1-B4F8-43D7-8F4C-AF57720A3C4A} = {1BEA846A-ECF8-4AF5-8731-98230F67B855}
		{8935C5F0-2ABA-446C-B039-D80549D233E6} = {CCDC75F1-B4F8-43D7-8F4C-AF57720A3C4A}
		{154B6DAA-866C-4BF4-9BCA-04DD31EEE31F} = {CCDC75F1-B4F8-43D7-8F4C-AF57720A3C4A}
		{6443DDEE-93BD-4436-8E8C-A6BDD405E7D5} = {CCDC75F1-B4F8-43D7-8F4C-AF57720A3C4A}
		{6962DA1C-5532-4C12-B2A3-36B53877A1FB} = {1FEB459E-121B-4DC2-B239-AC625DCF9CD5}
		{B3EC80D4-4869-4C8D-AEB4-A212C197F9F1} = {1FEB459E-121B-4DC2-B239-AC625DCF9CD5}
	EndGlobalSection
EndGlobal
